
Microsoft Visual Studio Solution File, Format Version 12.00
# Visual Studio Version 17
VisualStudioVersion = 17.13.35825.156 d17.13
MinimumVisualStudioVersion = 10.0.40219.1
Project("{FAE04EC0-301F-11D3-BF4B-00C04F79EFBC}") = "Hangman", "Hangman\Hangman.csproj", "{F02F5A3F-67C3-4E8F-8901-45675C15DE3D}"
EndProject
Global
	GlobalSection(SolutionConfigurationPlatforms) = preSolution
		Debug|Any CPU = Debug|Any CPU
		Release|Any CPU = Release|Any CPU
	EndGlobalSection
	GlobalSection(ProjectConfigurationPlatforms) = postSolution
		{F02F5A3F-67C3-4E8F-8901-45675C15DE3D}.Debug|Any CPU.ActiveCfg = Debug|Any CPU
		{F02F5A3F-67C3-4E8F-8901-45675C15DE3D}.Debug|Any CPU.Build.0 = Debug|Any CPU
		{F02F5A3F-67C3-4E8F-8901-45675C15DE3D}.Release|Any CPU.ActiveCfg = Release|Any CPU
		{F02F5A3F-67C3-4E8F-8901-45675C15DE3D}.Release|Any CPU.Build.0 = Release|Any CPU
	EndGlobalSection
	GlobalSection(SolutionProperties) = preSolution
		HideSolutionNode = FALSE
	EndGlobalSection
	GlobalSection(ExtensibilityGlobals) = postSolution
		SolutionGuid = {D5E07A24-25C5-4D93-9879-2B273D2A05F3}
	EndGlobalSection
EndGlobal
